
Microsoft Visual Studio Solution File, Format Version 12.00
# Visual Studio 2017
Project("{FAE04EC0-301F-11D3-BF4B-00C04F79EFBC}") = "Traps", "Traps.csproj", "{2F66FC74-C040-4D88-5595-A1B6D6374ADF}"
EndProject
Global
	GlobalSection(SolutionConfigurationPlatforms) = preSolution
		Debug|Any CPU = Debug|Any CPU
		Release|Any CPU = Release|Any CPU
	EndGlobalSection
	GlobalSection(ProjectConfigurationPlatforms) = postSolution
		{2F66FC74-C040-4D88-5595-A1B6D6374ADF}.Debug|Any CPU.ActiveCfg = Debug|Any CPU
		{2F66FC74-C040-4D88-5595-A1B6D6374ADF}.Debug|Any CPU.Build.0 = Debug|Any CPU
		{2F66FC74-C040-4D88-5595-A1B6D6374ADF}.Release|Any CPU.ActiveCfg = Release|Any CPU
		{2F66FC74-C040-4D88-5595-A1B6D6374ADF}.Release|Any CPU.Build.0 = Release|Any CPU
	EndGlobalSection
	GlobalSection(SolutionProperties) = preSolution
		HideSolutionNode = FALSE
	EndGlobalSection
EndGlobal
