
Microsoft Visual Studio Solution File, Format Version 11.00
# Visual Studio 2010
Project("{FAE04EC0-301F-11D3-BF4B-00C04F79EFBC}") = "Castle siege", "Assembly-CSharp.csproj", "{111E3785-0CBC-3075-A250-DA86C7110CAE}"
EndProject
Project("{FAE04EC0-301F-11D3-BF4B-00C04F79EFBC}") = "Castle siege", "Assembly-CSharp-firstpass.csproj", "{B489D4FE-75FB-2A3D-3B07-1C7CA60D8C8F}"
EndProject
Project("{FAE04EC0-301F-11D3-BF4B-00C04F79EFBC}") = "Castle siege", "Assembly-CSharp-Editor-firstpass.csproj", "{9108C012-DBB2-D373-E5D8-56D00A3930D2}"
EndProject
Project("{FAE04EC0-301F-11D3-BF4B-00C04F79EFBC}") = "Castle siege", "Assembly-CSharp-Editor.csproj", "{C7078CBF-A984-B150-04BF-CA68297596B7}"
EndProject
Global
	GlobalSection(SolutionConfigurationPlatforms) = preSolution
		Debug|Any CPU = Debug|Any CPU
		Release|Any CPU = Release|Any CPU
	EndGlobalSection
	GlobalSection(ProjectConfigurationPlatforms) = postSolution
		{111E3785-0CBC-3075-A250-DA86C7110CAE}.Debug|Any CPU.ActiveCfg = Debug|Any CPU
		{111E3785-0CBC-3075-A250-DA86C7110CAE}.Debug|Any CPU.Build.0 = Debug|Any CPU
		{111E3785-0CBC-3075-A250-DA86C7110CAE}.Release|Any CPU.ActiveCfg = Release|Any CPU
		{111E3785-0CBC-3075-A250-DA86C7110CAE}.Release|Any CPU.Build.0 = Release|Any CPU
		{B489D4FE-75FB-2A3D-3B07-1C7CA60D8C8F}.Debug|Any CPU.ActiveCfg = Debug|Any CPU
		{B489D4FE-75FB-2A3D-3B07-1C7CA60D8C8F}.Debug|Any CPU.Build.0 = Debug|Any CPU
		{B489D4FE-75FB-2A3D-3B07-1C7CA60D8C8F}.Release|Any CPU.ActiveCfg = Release|Any CPU
		{B489D4FE-75FB-2A3D-3B07-1C7CA60D8C8F}.Release|Any CPU.Build.0 = Release|Any CPU
		{9108C012-DBB2-D373-E5D8-56D00A3930D2}.Debug|Any CPU.ActiveCfg = Debug|Any CPU
		{9108C012-DBB2-D373-E5D8-56D00A3930D2}.Debug|Any CPU.Build.0 = Debug|Any CPU
		{9108C012-DBB2-D373-E5D8-56D00A3930D2}.Release|Any CPU.ActiveCfg = Release|Any CPU
		{9108C012-DBB2-D373-E5D8-56D00A3930D2}.Release|Any CPU.Build.0 = Release|Any CPU
		{C7078CBF-A984-B150-04BF-CA68297596B7}.Debug|Any CPU.ActiveCfg = Debug|Any CPU
		{C7078CBF-A984-B150-04BF-CA68297596B7}.Debug|Any CPU.Build.0 = Debug|Any CPU
		{C7078CBF-A984-B150-04BF-CA68297596B7}.Release|Any CPU.ActiveCfg = Release|Any CPU
		{C7078CBF-A984-B150-04BF-CA68297596B7}.Release|Any CPU.Build.0 = Release|Any CPU
	EndGlobalSection
	GlobalSection(SolutionProperties) = preSolution
		HideSolutionNode = FALSE
	EndGlobalSection
	GlobalSection(MonoDevelopProperties) = preSolution
		StartupItem = Assembly-CSharp.csproj
	EndGlobalSection
EndGlobal
